
Microsoft Visual Studio Solution File, Format Version 12.00
# Visual Studio 15
VisualStudioVersion = 15.0.26430.15
MinimumVisualStudioVersion = 10.0.40219.1
Project("{D954291E-2A0B-460D-934E-DC6B0785DB48}") = "SoundV", "SoundV\SoundV\SoundV.shproj", "{9590743B-4160-41E6-A7DD-C3DFF01BB899}"
EndProject
Project("{FAE04EC0-301F-11D3-BF4B-00C04F79EFBC}") = "SoundV.Android", "SoundV\SoundV.Android\SoundV.Android.csproj", "{73E34DAE-CEC2-43FB-ABC4-A2085D1A515C}"
EndProject
Project("{FAE04EC0-301F-11D3-BF4B-00C04F79EFBC}") = "SoundV.iOS", "SoundV\SoundV.iOS\SoundV.iOS.csproj", "{700F8928-07AB-4376-9BCC-2A1B096D639F}"
EndProject
Project("{FAE04EC0-301F-11D3-BF4B-00C04F79EFBC}") = "SoundV.UWP", "SoundV\SoundV.UWP\SoundV.UWP.csproj", "{A385C97D-9E23-43A0-B813-B45A74D8CCD5}"
EndProject
Global
	GlobalSection(SharedMSBuildProjectFiles) = preSolution
		SoundV\SoundV\SoundV.projitems*{700f8928-07ab-4376-9bcc-2a1b096d639f}*SharedItemsImports = 4
		SoundV\SoundV\SoundV.projitems*{73e34dae-cec2-43fb-abc4-a2085d1a515c}*SharedItemsImports = 4
		SoundV\SoundV\SoundV.projitems*{9590743b-4160-41e6-a7dd-c3dff01bb899}*SharedItemsImports = 13
		SoundV\SoundV\SoundV.projitems*{a385c97d-9e23-43a0-b813-b45a74d8ccd5}*SharedItemsImports = 4
	EndGlobalSection
	GlobalSection(SolutionConfigurationPlatforms) = preSolution
		Debug|Any CPU = Debug|Any CPU
		Debug|ARM = Debug|ARM
		Debug|iPhone = Debug|iPhone
		Debug|iPhoneSimulator = Debug|iPhoneSimulator
		Debug|x64 = Debug|x64
		Debug|x86 = Debug|x86
		Release|Any CPU = Release|Any CPU
		Release|ARM = Release|ARM
		Release|iPhone = Release|iPhone
		Release|iPhoneSimulator = Release|iPhoneSimulator
		Release|x64 = Release|x64
		Release|x86 = Release|x86
	EndGlobalSection
	GlobalSection(ProjectConfigurationPlatforms) = postSolution
		{73E34DAE-CEC2-43FB-ABC4-A2085D1A515C}.Debug|Any CPU.ActiveCfg = Debug|Any CPU
		{73E34DAE-CEC2-43FB-ABC4-A2085D1A515C}.Debug|Any CPU.Build.0 = Debug|Any CPU
		{73E34DAE-CEC2-43FB-ABC4-A2085D1A515C}.Debug|Any CPU.Deploy.0 = Debug|Any CPU
		{73E34DAE-CEC2-43FB-ABC4-A2085D1A515C}.Debug|ARM.ActiveCfg = Debug|Any CPU
		{73E34DAE-CEC2-43FB-ABC4-A2085D1A515C}.Debug|ARM.Build.0 = Debug|Any CPU
		{73E34DAE-CEC2-43FB-ABC4-A2085D1A515C}.Debug|ARM.Deploy.0 = Debug|Any CPU
		{73E34DAE-CEC2-43FB-ABC4-A2085D1A515C}.Debug|iPhone.ActiveCfg = Debug|Any CPU
		{73E34DAE-CEC2-43FB-ABC4-A2085D1A515C}.Debug|iPhone.Build.0 = Debug|Any CPU
		{73E34DAE-CEC2-43FB-ABC4-A2085D1A515C}.Debug|iPhone.Deploy.0 = Debug|Any CPU
		{73E34DAE-CEC2-43FB-ABC4-A2085D1A515C}.Debug|iPhoneSimulator.ActiveCfg = Debug|Any CPU
		{73E34DAE-CEC2-43FB-ABC4-A2085D1A515C}.Debug|iPhoneSimulator.Build.0 = Debug|Any CPU
		{73E34DAE-CEC2-43FB-ABC4-A2085D1A515C}.Debug|iPhoneSimulator.Deploy.0 = Debug|Any CPU
		{73E34DAE-CEC2-43FB-ABC4-A2085D1A515C}.Debug|x64.ActiveCfg = Debug|Any CPU
		{73E34DAE-CEC2-43FB-ABC4-A2085D1A515C}.Debug|x64.Build.0 = Debug|Any CPU
		{73E34DAE-CEC2-43FB-ABC4-A2085D1A515C}.Debug|x64.Deploy.0 = Debug|Any CPU
		{73E34DAE-CEC2-43FB-ABC4-A2085D1A515C}.Debug|x86.ActiveCfg = Debug|Any CPU
		{73E34DAE-CEC2-43FB-ABC4-A2085D1A515C}.Debug|x86.Build.0 = Debug|Any CPU
		{73E34DAE-CEC2-43FB-ABC4-A2085D1A515C}.Debug|x86.Deploy.0 = Debug|Any CPU
		{73E34DAE-CEC2-43FB-ABC4-A2085D1A515C}.Release|Any CPU.ActiveCfg = Release|Any CPU
		{73E34DAE-CEC2-43FB-ABC4-A2085D1A515C}.Release|Any CPU.Build.0 = Release|Any CPU
		{73E34DAE-CEC2-43FB-ABC4-A2085D1A515C}.Release|Any CPU.Deploy.0 = Release|Any CPU
		{73E34DAE-CEC2-43FB-ABC4-A2085D1A515C}.Release|ARM.ActiveCfg = Release|Any CPU
		{73E34DAE-CEC2-43FB-ABC4-A2085D1A515C}.Release|ARM.Build.0 = Release|Any CPU
		{73E34DAE-CEC2-43FB-ABC4-A2085D1A515C}.Release|ARM.Deploy.0 = Release|Any CPU
		{73E34DAE-CEC2-43FB-ABC4-A2085D1A515C}.Release|iPhone.ActiveCfg = Release|Any CPU
		{73E34DAE-CEC2-43FB-ABC4-A2085D1A515C}.Release|iPhone.Build.0 = Release|Any CPU
		{73E34DAE-CEC2-43FB-ABC4-A2085D1A515C}.Release|iPhone.Deploy.0 = Release|Any CPU
		{73E34DAE-CEC2-43FB-ABC4-A2085D1A515C}.Release|iPhoneSimulator.ActiveCfg = Release|Any CPU
		{73E34DAE-CEC2-43FB-ABC4-A2085D1A515C}.Release|iPhoneSimulator.Build.0 = Release|Any CPU
		{73E34DAE-CEC2-43FB-ABC4-A2085D1A515C}.Release|iPhoneSimulator.Deploy.0 = Release|Any CPU
		{73E34DAE-CEC2-43FB-ABC4-A2085D1A515C}.Release|x64.ActiveCfg = Release|Any CPU
		{73E34DAE-CEC2-43FB-ABC4-A2085D1A515C}.Release|x64.Build.0 = Release|Any CPU
		{73E34DAE-CEC2-43FB-ABC4-A2085D1A515C}.Release|x64.Deploy.0 = Release|Any CPU
		{73E34DAE-CEC2-43FB-ABC4-A2085D1A515C}.Release|x86.ActiveCfg = Release|Any CPU
		{73E34DAE-CEC2-43FB-ABC4-A2085D1A515C}.Release|x86.Build.0 = Release|Any CPU
		{73E34DAE-CEC2-43FB-ABC4-A2085D1A515C}.Release|x86.Deploy.0 = Release|Any CPU
		{700F8928-07AB-4376-9BCC-2A1B096D639F}.Debug|Any CPU.ActiveCfg = Debug|iPhone
		{700F8928-07AB-4376-9BCC-2A1B096D639F}.Debug|ARM.ActiveCfg = Debug|iPhone
		{700F8928-07AB-4376-9BCC-2A1B096D639F}.Debug|iPhone.ActiveCfg = Debug|iPhone
		{700F8928-07AB-4376-9BCC-2A1B096D639F}.Debug|iPhone.Build.0 = Debug|iPhone
		{700F8928-07AB-4376-9BCC-2A1B096D639F}.Debug|iPhoneSimulator.ActiveCfg = Debug|iPhoneSimulator
		{700F8928-07AB-4376-9BCC-2A1B096D639F}.Debug|iPhoneSimulator.Build.0 = Debug|iPhoneSimulator
		{700F8928-07AB-4376-9BCC-2A1B096D639F}.Debug|x64.ActiveCfg = Debug|iPhone
		{700F8928-07AB-4376-9BCC-2A1B096D639F}.Debug|x86.ActiveCfg = Debug|iPhone
		{700F8928-07AB-4376-9BCC-2A1B096D639F}.Release|Any CPU.ActiveCfg = Release|iPhone
		{700F8928-07AB-4376-9BCC-2A1B096D639F}.Release|ARM.ActiveCfg = Release|iPhone
		{700F8928-07AB-4376-9BCC-2A1B096D639F}.Release|iPhone.ActiveCfg = Release|iPhone
		{700F8928-07AB-4376-9BCC-2A1B096D639F}.Release|iPhone.Build.0 = Release|iPhone
		{700F8928-07AB-4376-9BCC-2A1B096D639F}.Release|iPhoneSimulator.ActiveCfg = Release|iPhoneSimulator
		{700F8928-07AB-4376-9BCC-2A1B096D639F}.Release|iPhoneSimulator.Build.0 = Release|iPhoneSimulator
		{700F8928-07AB-4376-9BCC-2A1B096D639F}.Release|x64.ActiveCfg = Release|iPhone
		{700F8928-07AB-4376-9BCC-2A1B096D639F}.Release|x86.ActiveCfg = Release|iPhone
		{A385C97D-9E23-43A0-B813-B45A74D8CCD5}.Debug|Any CPU.ActiveCfg = Debug|x86
		{A385C97D-9E23-43A0-B813-B45A74D8CCD5}.Debug|ARM.ActiveCfg = Debug|ARM
		{A385C97D-9E23-43A0-B813-B45A74D8CCD5}.Debug|ARM.Build.0 = Debug|ARM
		{A385C97D-9E23-43A0-B813-B45A74D8CCD5}.Debug|ARM.Deploy.0 = Debug|ARM
		{A385C97D-9E23-43A0-B813-B45A74D8CCD5}.Debug|iPhone.ActiveCfg = Debug|x86
		{A385C97D-9E23-43A0-B813-B45A74D8CCD5}.Debug|iPhoneSimulator.ActiveCfg = Debug|x86
		{A385C97D-9E23-43A0-B813-B45A74D8CCD5}.Debug|x64.ActiveCfg = Debug|x64
		{A385C97D-9E23-43A0-B813-B45A74D8CCD5}.Debug|x64.Build.0 = Debug|x64
		{A385C97D-9E23-43A0-B813-B45A74D8CCD5}.Debug|x64.Deploy.0 = Debug|x64
		{A385C97D-9E23-43A0-B813-B45A74D8CCD5}.Debug|x86.ActiveCfg = Debug|x86
		{A385C97D-9E23-43A0-B813-B45A74D8CCD5}.Debug|x86.Build.0 = Debug|x86
		{A385C97D-9E23-43A0-B813-B45A74D8CCD5}.Debug|x86.Deploy.0 = Debug|x86
		{A385C97D-9E23-43A0-B813-B45A74D8CCD5}.Release|Any CPU.ActiveCfg = Release|x86
		{A385C97D-9E23-43A0-B813-B45A74D8CCD5}.Release|ARM.ActiveCfg = Release|ARM
		{A385C97D-9E23-43A0-B813-B45A74D8CCD5}.Release|ARM.Build.0 = Release|ARM
		{A385C97D-9E23-43A0-B813-B45A74D8CCD5}.Release|ARM.Deploy.0 = Release|ARM
		{A385C97D-9E23-43A0-B813-B45A74D8CCD5}.Release|iPhone.ActiveCfg = Release|x86
		{A385C97D-9E23-43A0-B813-B45A74D8CCD5}.Release|iPhoneSimulator.ActiveCfg = Release|x86
		{A385C97D-9E23-43A0-B813-B45A74D8CCD5}.Release|x64.ActiveCfg = Release|x64
		{A385C97D-9E23-43A0-B813-B45A74D8CCD5}.Release|x64.Build.0 = Release|x64
		{A385C97D-9E23-43A0-B813-B45A74D8CCD5}.Release|x64.Deploy.0 = Release|x64
		{A385C97D-9E23-43A0-B813-B45A74D8CCD5}.Release|x86.ActiveCfg = Release|x86
		{A385C97D-9E23-43A0-B813-B45A74D8CCD5}.Release|x86.Build.0 = Release|x86
		{A385C97D-9E23-43A0-B813-B45A74D8CCD5}.Release|x86.Deploy.0 = Release|x86
	EndGlobalSection
	GlobalSection(SolutionProperties) = preSolution
		HideSolutionNode = FALSE
	EndGlobalSection
EndGlobal
